// !$*UTF8*$!
{
	archiveVersion = 1;
	classes = {
	};
	objectVersion = 77;
	objects = {

/* Begin PBXBuildFile section */
		006F13737F76467DC5A1CE3C /* KeychainStore.swift in Sources */ = {isa = PBXBuildFile; fileRef = C9F91F90509B9DC89363D291 /* KeychainStore.swift */; };
		06E752AE7FD9C15CFC8DD8BE /* PopRocketIntents.framework in Embed Frameworks */ = {isa = PBXBuildFile; fileRef = 5D2A3528A10800813F35B78A /* PopRocketIntents.framework */; settings = {ATTRIBUTES = (CodeSignOnCopy, RemoveHeadersOnCopy, ); }; };
		0A9F9F43CA9FBFC2DC9822CA /* NotificationService.swift in Sources */ = {isa = PBXBuildFile; fileRef = 8F95F97A3731385DB247E190 /* NotificationService.swift */; };
		1A7904CA35049845ED9C0FA0 /* ActionSigner.swift in Sources */ = {isa = PBXBuildFile; fileRef = 8D1E54751279378ECD24776E /* ActionSigner.swift */; };
		1AEA2E4D92A25606FCDBC05D /* PopRocketApp.swift in Sources */ = {isa = PBXBuildFile; fileRef = 0641DFED31F9C7CFD4742096 /* PopRocketApp.swift */; };
		2E1DCB85568BAFA2B49DF6BF /* RunActionIntent.swift in Sources */ = {isa = PBXBuildFile; fileRef = 42F4DEA6E902D86D870AC5A6 /* RunActionIntent.swift */; };
		3616A25CEEE3FCA97EB7E07C /* PopRocketWidget.swift in Sources */ = {isa = PBXBuildFile; fileRef = 45EE53F3F4F185FB3C97913C /* PopRocketWidget.swift */; };
		3EEBCCEECE23B774D074FEFB /* PopRocketWidgetExtension.appex in Embed Foundation Extensions */ = {isa = PBXBuildFile; fileRef = B0F5B12D54D7C8C52A74AF50 /* PopRocketWidgetExtension.appex */; settings = {ATTRIBUTES = (RemoveHeadersOnCopy, ); }; };
		503A8444504C2EEE63B0D186 /* PopRocketKit.framework in Frameworks */ = {isa = PBXBuildFile; fileRef = 83DD45945BF8A0BCB0A785F2 /* PopRocketKit.framework */; };
		53CDCCA7E61EAA8FA015CAF8 /* PairingParserTests.swift in Sources */ = {isa = PBXBuildFile; fileRef = 10A5EB5E073329E785C955B5 /* PairingParserTests.swift */; };
		66B1416C5DDB49140556D00D /* NotificationDelegate.swift in Sources */ = {isa = PBXBuildFile; fileRef = E30871B3DF973ACAB20D2D52 /* NotificationDelegate.swift */; };
		6E6B768D2D6999B927E7E1CA /* PopRocketNotificationService.appex in Embed Foundation Extensions */ = {isa = PBXBuildFile; fileRef = 600F98FE5B9336D34859CBC1 /* PopRocketNotificationService.appex */; settings = {ATTRIBUTES = (RemoveHeadersOnCopy, ); }; };
		7180ADE18B91CD6E57D74486 /* NotificationActionRouter.swift in Sources */ = {isa = PBXBuildFile; fileRef = 0B67DC36A391F5CA75AB14A6 /* NotificationActionRouter.swift */; };
		73223E4A31FCC153027F8282 /* PopRocketKit.framework in Embed Frameworks */ = {isa = PBXBuildFile; fileRef = 83DD45945BF8A0BCB0A785F2 /* PopRocketKit.framework */; settings = {ATTRIBUTES = (CodeSignOnCopy, RemoveHeadersOnCopy, ); }; };
		7AE25221725C2C19BB25A040 /* PopRocketIntents.framework in Frameworks */ = {isa = PBXBuildFile; fileRef = 5D2A3528A10800813F35B78A /* PopRocketIntents.framework */; };
		8605FFB39776DE43D22761C1 /* PopRocketKit.framework in Embed Frameworks */ = {isa = PBXBuildFile; fileRef = 83DD45945BF8A0BCB0A785F2 /* PopRocketKit.framework */; settings = {ATTRIBUTES = (CodeSignOnCopy, RemoveHeadersOnCopy, ); }; };
		9173436D96DF93241AEBDE5D /* BridgeClient.swift in Sources */ = {isa = PBXBuildFile; fileRef = 96AED5B11F150C87B1F3BA80 /* BridgeClient.swift */; };
		927D940525B01B1B97D4D98F /* PairingParser.swift in Sources */ = {isa = PBXBuildFile; fileRef = B15A62F33B6506FAF10A6B0C /* PairingParser.swift */; };
		9589978D58BEE6AFB468B251 /* QRScannerView.swift in Sources */ = {isa = PBXBuildFile; fileRef = 74B1941C73A74D7CFC6D9019 /* QRScannerView.swift */; };
		A80327B0A3E4E6366766A3AC /* DashboardView.swift in Sources */ = {isa = PBXBuildFile; fileRef = 1C8968596032AAE184552D46 /* DashboardView.swift */; };
		A8EF90BA0F84221E6DDAC925 /* Models.swift in Sources */ = {isa = PBXBuildFile; fileRef = 81C73AB2A0CBE8273B6E668A /* Models.swift */; };
		A994507CD54E224089597D73 /* PopRocketKit.framework in Frameworks */ = {isa = PBXBuildFile; fileRef = 83DD45945BF8A0BCB0A785F2 /* PopRocketKit.framework */; };
		AFCA107317A64978CAD24431 /* DashboardModel.swift in Sources */ = {isa = PBXBuildFile; fileRef = D4329733CE50612AA0489A20 /* DashboardModel.swift */; };
		B424AFB5AED5ADAF316911FF /* PairingView.swift in Sources */ = {isa = PBXBuildFile; fileRef = 8D56DEB8C25D08974A014954 /* PairingView.swift */; };
		C66391FB632746FCED719551 /* PopRocketIntents.framework in Frameworks */ = {isa = PBXBuildFile; fileRef = 5D2A3528A10800813F35B78A /* PopRocketIntents.framework */; };
		CDB7F357EEA8E309BE181317 /* PopRocketKit.framework in Frameworks */ = {isa = PBXBuildFile; fileRef = 83DD45945BF8A0BCB0A785F2 /* PopRocketKit.framework */; };
		D149933833F83C4D45FC8779 /* PopRocketIntents.framework in Embed Frameworks */ = {isa = PBXBuildFile; fileRef = 5D2A3528A10800813F35B78A /* PopRocketIntents.framework */; settings = {ATTRIBUTES = (CodeSignOnCopy, RemoveHeadersOnCopy, ); }; };
		D14BC02399351EAAA2624178 /* PopRocketKit.framework in Frameworks */ = {isa = PBXBuildFile; fileRef = 83DD45945BF8A0BCB0A785F2 /* PopRocketKit.framework */; };
		E9B91AE5FB86C20693A5E284 /* PopRocketKit.framework in Embed Frameworks */ = {isa = PBXBuildFile; fileRef = 83DD45945BF8A0BCB0A785F2 /* PopRocketKit.framework */; settings = {ATTRIBUTES = (CodeSignOnCopy, RemoveHeadersOnCopy, ); }; };
		F499F6D421F2B41C9C600FBA /* PopRocketKit.framework in Embed Frameworks */ = {isa = PBXBuildFile; fileRef = 83DD45945BF8A0BCB0A785F2 /* PopRocketKit.framework */; settings = {ATTRIBUTES = (CodeSignOnCopy, RemoveHeadersOnCopy, ); }; };
		F7CF986B440B0C0E73FFD79A /* AppGroupCache.swift in Sources */ = {isa = PBXBuildFile; fileRef = 42813753D06048973B47895A /* AppGroupCache.swift */; };
		FDA0212E52FD59EA7CFC959A /* PopRocketKit.framework in Frameworks */ = {isa = PBXBuildFile; fileRef = 83DD45945BF8A0BCB0A785F2 /* PopRocketKit.framework */; };
/* End PBXBuildFile section */

/* Begin PBXContainerItemProxy section */
		01652A9034BF76C0F6ECDA85 /* PBXContainerItemProxy */ = {
			isa = PBXContainerItemProxy;
			containerPortal = E12640B4221261CD06A74F3E /* Project object */;
			proxyType = 1;
			remoteGlobalIDString = 829D733F571C3F573A5B63BC;
			remoteInfo = PopRocketIntents;
		};
		1F7A0117571526491176CD6D /* PBXContainerItemProxy */ = {
			isa = PBXContainerItemProxy;
			containerPortal = E12640B4221261CD06A74F3E /* Project object */;
			proxyType = 1;
			remoteGlobalIDString = BB09C0BCC49DCB15DE453B42;
			remoteInfo = PopRocketKit;
		};
		8ED30A69E9C6C2868374E7D1 /* PBXContainerItemProxy */ = {
			isa = PBXContainerItemProxy;
			containerPortal = E12640B4221261CD06A74F3E /* Project object */;
			proxyType = 1;
			remoteGlobalIDString = BB09C0BCC49DCB15DE453B42;
			remoteInfo = PopRocketKit;
		};
		A08E18C74DB8F38A1D735C32 /* PBXContainerItemProxy */ = {
			isa = PBXContainerItemProxy;
			containerPortal = E12640B4221261CD06A74F3E /* Project object */;
			proxyType = 1;
			remoteGlobalIDString = BB09C0BCC49DCB15DE453B42;
			remoteInfo = PopRocketKit;
		};
		B02789F4DBBABC8EA716CC40 /* PBXContainerItemProxy */ = {
			isa = PBXContainerItemProxy;
			containerPortal = E12640B4221261CD06A74F3E /* Project object */;
			proxyType = 1;
			remoteGlobalIDString = B7C64D188FF1C63109BCD360;
			remoteInfo = PopRocketNotificationService;
		};
		B15EA94A1D629A37D5B9429C /* PBXContainerItemProxy */ = {
			isa = PBXContainerItemProxy;
			containerPortal = E12640B4221261CD06A74F3E /* Project object */;
			proxyType = 1;
			remoteGlobalIDString = BB09C0BCC49DCB15DE453B42;
			remoteInfo = PopRocketKit;
		};
		DBFBA9AEA8E8FC6CC440AEFD /* PBXContainerItemProxy */ = {
			isa = PBXContainerItemProxy;
			containerPortal = E12640B4221261CD06A74F3E /* Project object */;
			proxyType = 1;
			remoteGlobalIDString = BB09C0BCC49DCB15DE453B42;
			remoteInfo = PopRocketKit;
		};
		EE44165079F737CDBCE0F258 /* PBXContainerItemProxy */ = {
			isa = PBXContainerItemProxy;
			containerPortal = E12640B4221261CD06A74F3E /* Project object */;
			proxyType = 1;
			remoteGlobalIDString = 829D733F571C3F573A5B63BC;
			remoteInfo = PopRocketIntents;
		};
		FE8FB8786776C68C274F4780 /* PBXContainerItemProxy */ = {
			isa = PBXContainerItemProxy;
			containerPortal = E12640B4221261CD06A74F3E /* Project object */;
			proxyType = 1;
			remoteGlobalIDString = C7F9B3DA2A2E1B6E40329F82;
			remoteInfo = PopRocketWidgetExtension;
		};
/* End PBXContainerItemProxy section */

/* Begin PBXCopyFilesBuildPhase section */
		01DB2951E3FE980EEBE9AC0E /* Embed Frameworks */ = {
			isa = PBXCopyFilesBuildPhase;
			buildActionMask = 2147483647;
			dstPath = "";
			dstSubfolderSpec = 10;
			files = (
				73223E4A31FCC153027F8282 /* PopRocketKit.framework in Embed Frameworks */,
			);
			name = "Embed Frameworks";
			runOnlyForDeploymentPostprocessing = 0;
		};
		28E43DAAF382A60A5E95EDEC /* Embed Foundation Extensions */ = {
			isa = PBXCopyFilesBuildPhase;
			buildActionMask = 2147483647;
			dstPath = "";
			dstSubfolderSpec = 13;
			files = (
				3EEBCCEECE23B774D074FEFB /* PopRocketWidgetExtension.appex in Embed Foundation Extensions */,
				6E6B768D2D6999B927E7E1CA /* PopRocketNotificationService.appex in Embed Foundation Extensions */,
			);
			name = "Embed Foundation Extensions";
			runOnlyForDeploymentPostprocessing = 0;
		};
		508E697FD828EF613C3B726D /* Embed Frameworks */ = {
			isa = PBXCopyFilesBuildPhase;
			buildActionMask = 2147483647;
			dstPath = "";
			dstSubfolderSpec = 10;
			files = (
				8605FFB39776DE43D22761C1 /* PopRocketKit.framework in Embed Frameworks */,
			);
			name = "Embed Frameworks";
			runOnlyForDeploymentPostprocessing = 0;
		};
		97D078B039969ABF0BA39EB0 /* Embed Frameworks */ = {
			isa = PBXCopyFilesBuildPhase;
			buildActionMask = 2147483647;
			dstPath = "";
			dstSubfolderSpec = 10;
			files = (
				E9B91AE5FB86C20693A5E284 /* PopRocketKit.framework in Embed Frameworks */,
				D149933833F83C4D45FC8779 /* PopRocketIntents.framework in Embed Frameworks */,
			);
			name = "Embed Frameworks";
			runOnlyForDeploymentPostprocessing = 0;
		};
		B8B000EE5C1C8B827B8C0603 /* Embed Frameworks */ = {
			isa = PBXCopyFilesBuildPhase;
			buildActionMask = 2147483647;
			dstPath = "";
			dstSubfolderSpec = 10;
			files = (
				F499F6D421F2B41C9C600FBA /* PopRocketKit.framework in Embed Frameworks */,
				06E752AE7FD9C15CFC8DD8BE /* PopRocketIntents.framework in Embed Frameworks */,
			);
			name = "Embed Frameworks";
			runOnlyForDeploymentPostprocessing = 0;
		};
/* End PBXCopyFilesBuildPhase section */

/* Begin PBXFileReference section */
		0641DFED31F9C7CFD4742096 /* PopRocketApp.swift */ = {isa = PBXFileReference; lastKnownFileType = sourcecode.swift; path = PopRocketApp.swift; sourceTree = "<group>"; };
		0B67DC36A391F5CA75AB14A6 /* NotificationActionRouter.swift */ = {isa = PBXFileReference; lastKnownFileType = sourcecode.swift; path = NotificationActionRouter.swift; sourceTree = "<group>"; };
		10A5EB5E073329E785C955B5 /* PairingParserTests.swift */ = {isa = PBXFileReference; lastKnownFileType = sourcecode.swift; path = PairingParserTests.swift; sourceTree = "<group>"; };
		1C8968596032AAE184552D46 /* DashboardView.swift */ = {isa = PBXFileReference; lastKnownFileType = sourcecode.swift; path = DashboardView.swift; sourceTree = "<group>"; };
		42813753D06048973B47895A /* AppGroupCache.swift */ = {isa = PBXFileReference; lastKnownFileType = sourcecode.swift; path = AppGroupCache.swift; sourceTree = "<group>"; };
		42F4DEA6E902D86D870AC5A6 /* RunActionIntent.swift */ = {isa = PBXFileReference; lastKnownFileType = sourcecode.swift; path = RunActionIntent.swift; sourceTree = "<group>"; };
		45EE53F3F4F185FB3C97913C /* PopRocketWidget.swift */ = {isa = PBXFileReference; lastKnownFileType = sourcecode.swift; path = PopRocketWidget.swift; sourceTree = "<group>"; };
		5CA951C0BCEED7BE0B3596E2 /* PopRocketKitTests.xctest */ = {isa = PBXFileReference; includeInIndex = 0; lastKnownFileType = wrapper.cfbundle; path = PopRocketKitTests.xctest; sourceTree = BUILT_PRODUCTS_DIR; };
		5D2A3528A10800813F35B78A /* PopRocketIntents.framework */ = {isa = PBXFileReference; explicitFileType = wrapper.framework; includeInIndex = 0; path = PopRocketIntents.framework; sourceTree = BUILT_PRODUCTS_DIR; };
		600F98FE5B9336D34859CBC1 /* PopRocketNotificationService.appex */ = {isa = PBXFileReference; includeInIndex = 0; lastKnownFileType = "wrapper.app-extension"; path = PopRocketNotificationService.appex; sourceTree = BUILT_PRODUCTS_DIR; };
		70586E5011241C15DC91E549 /* PopRocket.app */ = {isa = PBXFileReference; explicitFileType = wrapper.application; includeInIndex = 0; path = PopRocket.app; sourceTree = BUILT_PRODUCTS_DIR; };
		74B1941C73A74D7CFC6D9019 /* QRScannerView.swift */ = {isa = PBXFileReference; lastKnownFileType = sourcecode.swift; path = QRScannerView.swift; sourceTree = "<group>"; };
		81C73AB2A0CBE8273B6E668A /* Models.swift */ = {isa = PBXFileReference; lastKnownFileType = sourcecode.swift; path = Models.swift; sourceTree = "<group>"; };
		83DD45945BF8A0BCB0A785F2 /* PopRocketKit.framework */ = {isa = PBXFileReference; explicitFileType = wrapper.framework; includeInIndex = 0; path = PopRocketKit.framework; sourceTree = BUILT_PRODUCTS_DIR; };
		8D1E54751279378ECD24776E /* ActionSigner.swift */ = {isa = PBXFileReference; lastKnownFileType = sourcecode.swift; path = ActionSigner.swift; sourceTree = "<group>"; };
		8D56DEB8C25D08974A014954 /* PairingView.swift */ = {isa = PBXFileReference; lastKnownFileType = sourcecode.swift; path = PairingView.swift; sourceTree = "<group>"; };
		8F95F97A3731385DB247E190 /* NotificationService.swift */ = {isa = PBXFileReference; lastKnownFileType = sourcecode.swift; path = NotificationService.swift; sourceTree = "<group>"; };
		96AED5B11F150C87B1F3BA80 /* BridgeClient.swift */ = {isa = PBXFileReference; lastKnownFileType = sourcecode.swift; path = BridgeClient.swift; sourceTree = "<group>"; };
		B0F5B12D54D7C8C52A74AF50 /* PopRocketWidgetExtension.appex */ = {isa = PBXFileReference; includeInIndex = 0; lastKnownFileType = "wrapper.app-extension"; path = PopRocketWidgetExtension.appex; sourceTree = BUILT_PRODUCTS_DIR; };
		B15A62F33B6506FAF10A6B0C /* PairingParser.swift */ = {isa = PBXFileReference; lastKnownFileType = sourcecode.swift; path = PairingParser.swift; sourceTree = "<group>"; };
		C9F91F90509B9DC89363D291 /* KeychainStore.swift */ = {isa = PBXFileReference; lastKnownFileType = sourcecode.swift; path = KeychainStore.swift; sourceTree = "<group>"; };
		D4329733CE50612AA0489A20 /* DashboardModel.swift */ = {isa = PBXFileReference; lastKnownFileType = sourcecode.swift; path = DashboardModel.swift; sourceTree = "<group>"; };
		E30871B3DF973ACAB20D2D52 /* NotificationDelegate.swift */ = {isa = PBXFileReference; lastKnownFileType = sourcecode.swift; path = NotificationDelegate.swift; sourceTree = "<group>"; };
/* End PBXFileReference section */

/* Begin PBXFrameworksBuildPhase section */
		080C0C68216BF5F5D8408183 /* Frameworks */ = {
			isa = PBXFrameworksBuildPhase;
			buildActionMask = 2147483647;
			files = (
				503A8444504C2EEE63B0D186 /* PopRocketKit.framework in Frameworks */,
			);
			runOnlyForDeploymentPostprocessing = 0;
		};
		0B0BA658A90DDDFEAB197749 /* Frameworks */ = {
			isa = PBXFrameworksBuildPhase;
			buildActionMask = 2147483647;
			files = (
				D14BC02399351EAAA2624178 /* PopRocketKit.framework in Frameworks */,
			);
			runOnlyForDeploymentPostprocessing = 0;
		};
		0EAF58C9C27B7243007DE9A6 /* Frameworks */ = {
			isa = PBXFrameworksBuildPhase;
			buildActionMask = 2147483647;
			files = (
				A994507CD54E224089597D73 /* PopRocketKit.framework in Frameworks */,
				7AE25221725C2C19BB25A040 /* PopRocketIntents.framework in Frameworks */,
			);
			runOnlyForDeploymentPostprocessing = 0;
		};
		A165358B36052E0C8B68EB94 /* Frameworks */ = {
			isa = PBXFrameworksBuildPhase;
			buildActionMask = 2147483647;
			files = (
				FDA0212E52FD59EA7CFC959A /* PopRocketKit.framework in Frameworks */,
			);
			runOnlyForDeploymentPostprocessing = 0;
		};
		BF7747AFD5B384623B0AB95B /* Frameworks */ = {
			isa = PBXFrameworksBuildPhase;
			buildActionMask = 2147483647;
			files = (
				CDB7F357EEA8E309BE181317 /* PopRocketKit.framework in Frameworks */,
				C66391FB632746FCED719551 /* PopRocketIntents.framework in Frameworks */,
			);
			runOnlyForDeploymentPostprocessing = 0;
		};
/* End PBXFrameworksBuildPhase section */

/* Begin PBXGroup section */
		13488C0A7031C0705C4D7606 /* PopRocketApp */ = {
			isa = PBXGroup;
			children = (
				D4329733CE50612AA0489A20 /* DashboardModel.swift */,
				1C8968596032AAE184552D46 /* DashboardView.swift */,
				E30871B3DF973ACAB20D2D52 /* NotificationDelegate.swift */,
				8D56DEB8C25D08974A014954 /* PairingView.swift */,
				0641DFED31F9C7CFD4742096 /* PopRocketApp.swift */,
				74B1941C73A74D7CFC6D9019 /* QRScannerView.swift */,
			);
			name = PopRocketApp;
			path = Sources/PopRocketApp;
			sourceTree = "<group>";
		};
		256BA1BC8E8F2BE0549AEA7F /* PopRocketKitTests */ = {
			isa = PBXGroup;
			children = (
				10A5EB5E073329E785C955B5 /* PairingParserTests.swift */,
			);
			name = PopRocketKitTests;
			path = Tests/PopRocketKitTests;
			sourceTree = "<group>";
		};
		702EE440820653C60E4151DC /* PopRocketWidget */ = {
			isa = PBXGroup;
			children = (
				45EE53F3F4F185FB3C97913C /* PopRocketWidget.swift */,
			);
			name = PopRocketWidget;
			path = Sources/PopRocketWidget;
			sourceTree = "<group>";
		};
		93802F0804960D1E263B10AA /* Products */ = {
			isa = PBXGroup;
			children = (
				70586E5011241C15DC91E549 /* PopRocket.app */,
				5D2A3528A10800813F35B78A /* PopRocketIntents.framework */,
				83DD45945BF8A0BCB0A785F2 /* PopRocketKit.framework */,
				5CA951C0BCEED7BE0B3596E2 /* PopRocketKitTests.xctest */,
				600F98FE5B9336D34859CBC1 /* PopRocketNotificationService.appex */,
				B0F5B12D54D7C8C52A74AF50 /* PopRocketWidgetExtension.appex */,
			);
			name = Products;
			sourceTree = "<group>";
		};
		AE0F12AFB7CE5250AF1B6596 /* PopRocketNotificationService */ = {
			isa = PBXGroup;
			children = (
				8F95F97A3731385DB247E190 /* NotificationService.swift */,
			);
			name = PopRocketNotificationService;
			path = Sources/PopRocketNotificationService;
			sourceTree = "<group>";
		};
		B4EA509A38CB6597BC4AD9F3 /* PopRocketIntents */ = {
			isa = PBXGroup;
			children = (
				42F4DEA6E902D86D870AC5A6 /* RunActionIntent.swift */,
			);
			name = PopRocketIntents;
			path = Sources/PopRocketIntents;
			sourceTree = "<group>";
		};
		F907409AFC82F5D4AAE84410 = {
			isa = PBXGroup;
			children = (
				13488C0A7031C0705C4D7606 /* PopRocketApp */,
				B4EA509A38CB6597BC4AD9F3 /* PopRocketIntents */,
				F9D830CB7CF480EC4D4626EB /* PopRocketKit */,
				256BA1BC8E8F2BE0549AEA7F /* PopRocketKitTests */,
				AE0F12AFB7CE5250AF1B6596 /* PopRocketNotificationService */,
				702EE440820653C60E4151DC /* PopRocketWidget */,
				93802F0804960D1E263B10AA /* Products */,
			);
			sourceTree = "<group>";
		};
		F9D830CB7CF480EC4D4626EB /* PopRocketKit */ = {
			isa = PBXGroup;
			children = (
				8D1E54751279378ECD24776E /* ActionSigner.swift */,
				42813753D06048973B47895A /* AppGroupCache.swift */,
				96AED5B11F150C87B1F3BA80 /* BridgeClient.swift */,
				C9F91F90509B9DC89363D291 /* KeychainStore.swift */,
				81C73AB2A0CBE8273B6E668A /* Models.swift */,
				0B67DC36A391F5CA75AB14A6 /* NotificationActionRouter.swift */,
				B15A62F33B6506FAF10A6B0C /* PairingParser.swift */,
			);
			name = PopRocketKit;
			path = Sources/PopRocketKit;
			sourceTree = "<group>";
		};
/* End PBXGroup section */

/* Begin PBXNativeTarget section */
		829D733F571C3F573A5B63BC /* PopRocketIntents */ = {
			isa = PBXNativeTarget;
			buildConfigurationList = 37637B58D6EE973D29F05951 /* Build configuration list for PBXNativeTarget "PopRocketIntents" */;
			buildPhases = (
				742BA8B27AC9559C057D85CE /* Sources */,
				A165358B36052E0C8B68EB94 /* Frameworks */,
			);
			buildRules = (
			);
			dependencies = (
				04BDD45B8DC755118FA4ECC1 /* PBXTargetDependency */,
			);
			name = PopRocketIntents;
			packageProductDependencies = (
			);
			productName = PopRocketIntents;
			productReference = 5D2A3528A10800813F35B78A /* PopRocketIntents.framework */;
			productType = "com.apple.product-type.framework";
		};
		8F5BE51254F9935A3D974360 /* PopRocket */ = {
			isa = PBXNativeTarget;
			buildConfigurationList = 9AFE520654BF6C48F3307C65 /* Build configuration list for PBXNativeTarget "PopRocket" */;
			buildPhases = (
				8DC3601FBC4454F5F3EF347C /* Sources */,
				BF7747AFD5B384623B0AB95B /* Frameworks */,
				28E43DAAF382A60A5E95EDEC /* Embed Foundation Extensions */,
				97D078B039969ABF0BA39EB0 /* Embed Frameworks */,
			);
			buildRules = (
			);
			dependencies = (
				319124BF7A636F580FFCF530 /* PBXTargetDependency */,
				FC3E45294E677BAE68728F65 /* PBXTargetDependency */,
				0DF4D491750EF4EA4430BB29 /* PBXTargetDependency */,
				2898510A66F2387A65841810 /* PBXTargetDependency */,
			);
			name = PopRocket;
			packageProductDependencies = (
			);
			productName = PopRocket;
			productReference = 70586E5011241C15DC91E549 /* PopRocket.app */;
			productType = "com.apple.product-type.application";
		};
		B7C64D188FF1C63109BCD360 /* PopRocketNotificationService */ = {
			isa = PBXNativeTarget;
			buildConfigurationList = CA21110AE545E630F9F2C0A3 /* Build configuration list for PBXNativeTarget "PopRocketNotificationService" */;
			buildPhases = (
				CD50D0720EBD49CB3019B571 /* Sources */,
				080C0C68216BF5F5D8408183 /* Frameworks */,
				01DB2951E3FE980EEBE9AC0E /* Embed Frameworks */,
			);
			buildRules = (
			);
			dependencies = (
				A4D413AA3A8F5FC07BC8BC87 /* PBXTargetDependency */,
			);
			name = PopRocketNotificationService;
			packageProductDependencies = (
			);
			productName = PopRocketNotificationService;
			productReference = 600F98FE5B9336D34859CBC1 /* PopRocketNotificationService.appex */;
			productType = "com.apple.product-type.app-extension";
		};
		BB09C0BCC49DCB15DE453B42 /* PopRocketKit */ = {
			isa = PBXNativeTarget;
			buildConfigurationList = 9DD0D58DFAAFB06C3893C2A3 /* Build configuration list for PBXNativeTarget "PopRocketKit" */;
			buildPhases = (
				838A38D6E1B3991913B4A280 /* Sources */,
			);
			buildRules = (
			);
			dependencies = (
			);
			name = PopRocketKit;
			packageProductDependencies = (
			);
			productName = PopRocketKit;
			productReference = 83DD45945BF8A0BCB0A785F2 /* PopRocketKit.framework */;
			productType = "com.apple.product-type.framework";
		};
		C7F9B3DA2A2E1B6E40329F82 /* PopRocketWidgetExtension */ = {
			isa = PBXNativeTarget;
			buildConfigurationList = 1364ABEF7EDC5EFA31497EED /* Build configuration list for PBXNativeTarget "PopRocketWidgetExtension" */;
			buildPhases = (
				366246A184561B9E28FD044F /* Sources */,
				0EAF58C9C27B7243007DE9A6 /* Frameworks */,
				B8B000EE5C1C8B827B8C0603 /* Embed Frameworks */,
			);
			buildRules = (
			);
			dependencies = (
				14F341A3F6D33CE7610200F3 /* PBXTargetDependency */,
				D93EB02F63BB6EB2D6FFA69E /* PBXTargetDependency */,
			);
			name = PopRocketWidgetExtension;
			packageProductDependencies = (
			);
			productName = PopRocketWidgetExtension;
			productReference = B0F5B12D54D7C8C52A74AF50 /* PopRocketWidgetExtension.appex */;
			productType = "com.apple.product-type.app-extension";
		};
		D71F7705192CBB8554471327 /* PopRocketKitTests */ = {
			isa = PBXNativeTarget;
			buildConfigurationList = C042CA46FE45400F792C9775 /* Build configuration list for PBXNativeTarget "PopRocketKitTests" */;
			buildPhases = (
				1A37142EE922896825591DC5 /* Sources */,
				0B0BA658A90DDDFEAB197749 /* Frameworks */,
				508E697FD828EF613C3B726D /* Embed Frameworks */,
			);
			buildRules = (
			);
			dependencies = (
				1B00ABB9F695C1DAB1520502 /* PBXTargetDependency */,
			);
			name = PopRocketKitTests;
			packageProductDependencies = (
			);
			productName = PopRocketKitTests;
			productReference = 5CA951C0BCEED7BE0B3596E2 /* PopRocketKitTests.xctest */;
			productType = "com.apple.product-type.bundle.unit-test";
		};
/* End PBXNativeTarget section */

/* Begin PBXProject section */
		E12640B4221261CD06A74F3E /* Project object */ = {
			isa = PBXProject;
			attributes = {
				BuildIndependentTargetsInParallel = YES;
				LastUpgradeCheck = 1430;
				TargetAttributes = {
					829D733F571C3F573A5B63BC = {
						ProvisioningStyle = Automatic;
					};
					8F5BE51254F9935A3D974360 = {
						ProvisioningStyle = Automatic;
					};
					B7C64D188FF1C63109BCD360 = {
						ProvisioningStyle = Automatic;
					};
					BB09C0BCC49DCB15DE453B42 = {
						ProvisioningStyle = Automatic;
					};
					C7F9B3DA2A2E1B6E40329F82 = {
						ProvisioningStyle = Automatic;
					};
					D71F7705192CBB8554471327 = {
						ProvisioningStyle = Automatic;
					};
				};
			};
			buildConfigurationList = B38CDC301751DA81F94A2B56 /* Build configuration list for PBXProject "PopRocket" */;
			developmentRegion = en;
			hasScannedForEncodings = 0;
			knownRegions = (
				Base,
				en,
			);
			mainGroup = F907409AFC82F5D4AAE84410;
			minimizedProjectReferenceProxies = 1;
			preferredProjectObjectVersion = 77;
			productRefGroup = 93802F0804960D1E263B10AA /* Products */;
			projectDirPath = "";
			projectRoot = "";
			targets = (
				8F5BE51254F9935A3D974360 /* PopRocket */,
				829D733F571C3F573A5B63BC /* PopRocketIntents */,
				BB09C0BCC49DCB15DE453B42 /* PopRocketKit */,
				D71F7705192CBB8554471327 /* PopRocketKitTests */,
				B7C64D188FF1C63109BCD360 /* PopRocketNotificationService */,
				C7F9B3DA2A2E1B6E40329F82 /* PopRocketWidgetExtension */,
			);
		};
/* End PBXProject section */

/* Begin PBXSourcesBuildPhase section */
		1A37142EE922896825591DC5 /* Sources */ = {
			isa = PBXSourcesBuildPhase;
			buildActionMask = 2147483647;
			files = (
				53CDCCA7E61EAA8FA015CAF8 /* PairingParserTests.swift in Sources */,
			);
			runOnlyForDeploymentPostprocessing = 0;
		};
		366246A184561B9E28FD044F /* Sources */ = {
			isa = PBXSourcesBuildPhase;
			buildActionMask = 2147483647;
			files = (
				3616A25CEEE3FCA97EB7E07C /* PopRocketWidget.swift in Sources */,
			);
			runOnlyForDeploymentPostprocessing = 0;
		};
		742BA8B27AC9559C057D85CE /* Sources */ = {
			isa = PBXSourcesBuildPhase;
			buildActionMask = 2147483647;
			files = (
				2E1DCB85568BAFA2B49DF6BF /* RunActionIntent.swift in Sources */,
			);
			runOnlyForDeploymentPostprocessing = 0;
		};
		838A38D6E1B3991913B4A280 /* Sources */ = {
			isa = PBXSourcesBuildPhase;
			buildActionMask = 2147483647;
			files = (
				1A7904CA35049845ED9C0FA0 /* ActionSigner.swift in Sources */,
				F7CF986B440B0C0E73FFD79A /* AppGroupCache.swift in Sources */,
				9173436D96DF93241AEBDE5D /* BridgeClient.swift in Sources */,
				006F13737F76467DC5A1CE3C /* KeychainStore.swift in Sources */,
				A8EF90BA0F84221E6DDAC925 /* Models.swift in Sources */,
				7180ADE18B91CD6E57D74486 /* NotificationActionRouter.swift in Sources */,
				927D940525B01B1B97D4D98F /* PairingParser.swift in Sources */,
			);
			runOnlyForDeploymentPostprocessing = 0;
		};
		8DC3601FBC4454F5F3EF347C /* Sources */ = {
			isa = PBXSourcesBuildPhase;
			buildActionMask = 2147483647;
			files = (
				AFCA107317A64978CAD24431 /* DashboardModel.swift in Sources */,
				A80327B0A3E4E6366766A3AC /* DashboardView.swift in Sources */,
				66B1416C5DDB49140556D00D /* NotificationDelegate.swift in Sources */,
				B424AFB5AED5ADAF316911FF /* PairingView.swift in Sources */,
				1AEA2E4D92A25606FCDBC05D /* PopRocketApp.swift in Sources */,
				9589978D58BEE6AFB468B251 /* QRScannerView.swift in Sources */,
			);
			runOnlyForDeploymentPostprocessing = 0;
		};
		CD50D0720EBD49CB3019B571 /* Sources */ = {
			isa = PBXSourcesBuildPhase;
			buildActionMask = 2147483647;
			files = (
				0A9F9F43CA9FBFC2DC9822CA /* NotificationService.swift in Sources */,
			);
			runOnlyForDeploymentPostprocessing = 0;
		};
/* End PBXSourcesBuildPhase section */

/* Begin PBXTargetDependency section */
		04BDD45B8DC755118FA4ECC1 /* PBXTargetDependency */ = {
			isa = PBXTargetDependency;
			target = BB09C0BCC49DCB15DE453B42 /* PopRocketKit */;
			targetProxy = A08E18C74DB8F38A1D735C32 /* PBXContainerItemProxy */;
		};
		0DF4D491750EF4EA4430BB29 /* PBXTargetDependency */ = {
			isa = PBXTargetDependency;
			target = C7F9B3DA2A2E1B6E40329F82 /* PopRocketWidgetExtension */;
			targetProxy = FE8FB8786776C68C274F4780 /* PBXContainerItemProxy */;
		};
		14F341A3F6D33CE7610200F3 /* PBXTargetDependency */ = {
			isa = PBXTargetDependency;
			target = BB09C0BCC49DCB15DE453B42 /* PopRocketKit */;
			targetProxy = B15EA94A1D629A37D5B9429C /* PBXContainerItemProxy */;
		};
		1B00ABB9F695C1DAB1520502 /* PBXTargetDependency */ = {
			isa = PBXTargetDependency;
			target = BB09C0BCC49DCB15DE453B42 /* PopRocketKit */;
			targetProxy = 1F7A0117571526491176CD6D /* PBXContainerItemProxy */;
		};
		2898510A66F2387A65841810 /* PBXTargetDependency */ = {
			isa = PBXTargetDependency;
			target = B7C64D188FF1C63109BCD360 /* PopRocketNotificationService */;
			targetProxy = B02789F4DBBABC8EA716CC40 /* PBXContainerItemProxy */;
		};
		319124BF7A636F580FFCF530 /* PBXTargetDependency */ = {
			isa = PBXTargetDependency;
			target = BB09C0BCC49DCB15DE453B42 /* PopRocketKit */;
			targetProxy = 8ED30A69E9C6C2868374E7D1 /* PBXContainerItemProxy */;
		};
		A4D413AA3A8F5FC07BC8BC87 /* PBXTargetDependency */ = {
			isa = PBXTargetDependency;
			target = BB09C0BCC49DCB15DE453B42 /* PopRocketKit */;
			targetProxy = DBFBA9AEA8E8FC6CC440AEFD /* PBXContainerItemProxy */;
		};
		D93EB02F63BB6EB2D6FFA69E /* PBXTargetDependency */ = {
			isa = PBXTargetDependency;
			target = 829D733F571C3F573A5B63BC /* PopRocketIntents */;
			targetProxy = 01652A9034BF76C0F6ECDA85 /* PBXContainerItemProxy */;
		};
		FC3E45294E677BAE68728F65 /* PBXTargetDependency */ = {
			isa = PBXTargetDependency;
			target = 829D733F571C3F573A5B63BC /* PopRocketIntents */;
			targetProxy = EE44165079F737CDBCE0F258 /* PBXContainerItemProxy */;
		};
/* End PBXTargetDependency section */

/* Begin XCBuildConfiguration section */
		0C88EE99DD2B130E65715730 /* Debug */ = {
			isa = XCBuildConfiguration;
			buildSettings = {
				BUNDLE_LOADER = "$(TEST_HOST)";
				INFOPLIST_FILE = "Supporting/PopRocketKitTests-Info.plist";
				LD_RUNPATH_SEARCH_PATHS = (
					"$(inherited)",
					"@executable_path/Frameworks",
					"@loader_path/Frameworks",
				);
				PRODUCT_BUNDLE_IDENTIFIER = com.poprocket.app.tests;
				SDKROOT = iphoneos;
				TARGETED_DEVICE_FAMILY = "1,2";
			};
			name = Debug;
		};
		15B4F4BF1593E6D2EEB00A8A /* Release */ = {
			isa = XCBuildConfiguration;
			buildSettings = {
				APPLICATION_EXTENSION_API_ONLY = YES;
				CODE_SIGN_ENTITLEMENTS = Supporting/PopRocketNotificationService.entitlements;
				INFOPLIST_FILE = "Supporting/PopRocketNotificationService-Info.plist";
				LD_RUNPATH_SEARCH_PATHS = (
					"$(inherited)",
					"@executable_path/Frameworks",
					"@executable_path/../../Frameworks",
				);
				PRODUCT_BUNDLE_IDENTIFIER = "com.poprocket.app.notification-service";
				SDKROOT = iphoneos;
				SKIP_INSTALL = YES;
				TARGETED_DEVICE_FAMILY = "1,2";
			};
			name = Release;
		};
		28EE26E8EEB6FF3ADED80FBF /* Debug */ = {
			isa = XCBuildConfiguration;
			buildSettings = {
				APPLICATION_EXTENSION_API_ONLY = YES;
				CODE_SIGN_ENTITLEMENTS = Supporting/PopRocketNotificationService.entitlements;
				INFOPLIST_FILE = "Supporting/PopRocketNotificationService-Info.plist";
				LD_RUNPATH_SEARCH_PATHS = (
					"$(inherited)",
					"@executable_path/Frameworks",
					"@executable_path/../../Frameworks",
				);
				PRODUCT_BUNDLE_IDENTIFIER = "com.poprocket.app.notification-service";
				SDKROOT = iphoneos;
				SKIP_INSTALL = YES;
				TARGETED_DEVICE_FAMILY = "1,2";
			};
			name = Debug;
		};
		30BC9408ABB15571DF26BA99 /* Debug */ = {
			isa = XCBuildConfiguration;
			buildSettings = {
				APPLICATION_EXTENSION_API_ONLY = YES;
				CODE_SIGN_IDENTITY = "";
				CURRENT_PROJECT_VERSION = 1;
				DEFINES_MODULE = YES;
				DYLIB_COMPATIBILITY_VERSION = 1;
				DYLIB_CURRENT_VERSION = 1;
				DYLIB_INSTALL_NAME_BASE = "@rpath";
				INFOPLIST_FILE = "Supporting/PopRocketIntents-Info.plist";
				INSTALL_PATH = "$(LOCAL_LIBRARY_DIR)/Frameworks";
				LD_RUNPATH_SEARCH_PATHS = (
					"$(inherited)",
					"@executable_path/Frameworks",
				);
				PRODUCT_BUNDLE_IDENTIFIER = com.poprocket.app.intents;
				SDKROOT = iphoneos;
				SKIP_INSTALL = YES;
				TARGETED_DEVICE_FAMILY = "1,2";
				VERSIONING_SYSTEM = "apple-generic";
			};
			name = Debug;
		};
		554B3C21BBF7CEA970083AF3 /* Debug */ = {
			isa = XCBuildConfiguration;
			buildSettings = {
				ALWAYS_SEARCH_USER_PATHS = NO;
				CLANG_ANALYZER_NONNULL = YES;
				CLANG_ANALYZER_NUMBER_OBJECT_CONVERSION = YES_AGGRESSIVE;
				CLANG_CXX_LANGUAGE_STANDARD = "gnu++14";
				CLANG_CXX_LIBRARY = "libc++";
				CLANG_ENABLE_MODULES = YES;
				CLANG_ENABLE_OBJC_ARC = YES;
				CLANG_ENABLE_OBJC_WEAK = YES;
				CLANG_WARN_BLOCK_CAPTURE_AUTORELEASING = YES;
				CLANG_WARN_BOOL_CONVERSION = YES;
				CLANG_WARN_COMMA = YES;
				CLANG_WARN_CONSTANT_CONVERSION = YES;
				CLANG_WARN_DEPRECATED_OBJC_IMPLEMENTATIONS = YES;
				CLANG_WARN_DIRECT_OBJC_ISA_USAGE = YES_ERROR;
				CLANG_WARN_DOCUMENTATION_COMMENTS = YES;
				CLANG_WARN_EMPTY_BODY = YES;
				CLANG_WARN_ENUM_CONVERSION = YES;
				CLANG_WARN_INFINITE_RECURSION = YES;
				CLANG_WARN_INT_CONVERSION = YES;
				CLANG_WARN_NON_LITERAL_NULL_CONVERSION = YES;
				CLANG_WARN_OBJC_IMPLICIT_RETAIN_SELF = YES;
				CLANG_WARN_OBJC_LITERAL_CONVERSION = YES;
				CLANG_WARN_OBJC_ROOT_CLASS = YES_ERROR;
				CLANG_WARN_QUOTED_INCLUDE_IN_FRAMEWORK_HEADER = YES;
				CLANG_WARN_RANGE_LOOP_ANALYSIS = YES;
				CLANG_WARN_STRICT_PROTOTYPES = YES;
				CLANG_WARN_SUSPICIOUS_MOVE = YES;
				CLANG_WARN_UNGUARDED_AVAILABILITY = YES_AGGRESSIVE;
				CLANG_WARN_UNREACHABLE_CODE = YES;
				CLANG_WARN__DUPLICATE_METHOD_MATCH = YES;
				CODE_SIGN_STYLE = Automatic;
				COPY_PHASE_STRIP = NO;
				CURRENT_PROJECT_VERSION = 1;
				DEBUG_INFORMATION_FORMAT = dwarf;
				ENABLE_STRICT_OBJC_MSGSEND = YES;
				ENABLE_TESTABILITY = YES;
				GCC_C_LANGUAGE_STANDARD = gnu11;
				GCC_DYNAMIC_NO_PIC = NO;
				GCC_NO_COMMON_BLOCKS = YES;
				GCC_OPTIMIZATION_LEVEL = 0;
				GCC_PREPROCESSOR_DEFINITIONS = (
					"$(inherited)",
					"DEBUG=1",
				);
				GCC_WARN_64_TO_32_BIT_CONVERSION = YES;
				GCC_WARN_ABOUT_RETURN_TYPE = YES_ERROR;
				GCC_WARN_UNDECLARED_SELECTOR = YES;
				GCC_WARN_UNINITIALIZED_AUTOS = YES_AGGRESSIVE;
				GCC_WARN_UNUSED_FUNCTION = YES;
				GCC_WARN_UNUSED_VARIABLE = YES;
				IPHONEOS_DEPLOYMENT_TARGET = 17.0;
				MARKETING_VERSION = 0.1.0;
				MTL_ENABLE_DEBUG_INFO = INCLUDE_SOURCE;
				MTL_FAST_MATH = YES;
				ONLY_ACTIVE_ARCH = YES;
				PRODUCT_NAME = "$(TARGET_NAME)";
				SDKROOT = iphoneos;
				SWIFT_ACTIVE_COMPILATION_CONDITIONS = DEBUG;
				SWIFT_OPTIMIZATION_LEVEL = "-Onone";
				SWIFT_VERSION = 5.0;
			};
			name = Debug;
		};
		68C711A8AD3E8FFA218494CB /* Release */ = {
			isa = XCBuildConfiguration;
			buildSettings = {
				ASSETCATALOG_COMPILER_APPICON_NAME = AppIcon;
				CODE_SIGN_ENTITLEMENTS = Supporting/PopRocket.entitlements;
				CODE_SIGN_IDENTITY = "iPhone Developer";
				DEVELOPMENT_TEAM = LKT3G257FR;
				INFOPLIST_FILE = "Supporting/PopRocket-Info.plist";
				LD_RUNPATH_SEARCH_PATHS = (
					"$(inherited)",
					"@executable_path/Frameworks",
				);
				PRODUCT_BUNDLE_IDENTIFIER = com.poprocket.app;
				SDKROOT = iphoneos;
				TARGETED_DEVICE_FAMILY = "1,2";
			};
			name = Release;
		};
		7DF1A965B52BF4B5B919CEF3 /* Release */ = {
			isa = XCBuildConfiguration;
			buildSettings = {
				APPLICATION_EXTENSION_API_ONLY = YES;
				CODE_SIGN_IDENTITY = "";
				CURRENT_PROJECT_VERSION = 1;
				DEFINES_MODULE = YES;
				DYLIB_COMPATIBILITY_VERSION = 1;
				DYLIB_CURRENT_VERSION = 1;
				DYLIB_INSTALL_NAME_BASE = "@rpath";
				INFOPLIST_FILE = "Supporting/PopRocketKit-Info.plist";
				INSTALL_PATH = "$(LOCAL_LIBRARY_DIR)/Frameworks";
				LD_RUNPATH_SEARCH_PATHS = (
					"$(inherited)",
					"@executable_path/Frameworks",
				);
				PRODUCT_BUNDLE_IDENTIFIER = com.poprocket.app.kit;
				SDKROOT = iphoneos;
				SKIP_INSTALL = YES;
				TARGETED_DEVICE_FAMILY = "1,2";
				VERSIONING_SYSTEM = "apple-generic";
			};
			name = Release;
		};
		967A7B3F817E4811C163AD95 /* Release */ = {
			isa = XCBuildConfiguration;
			buildSettings = {
				APPLICATION_EXTENSION_API_ONLY = YES;
				CODE_SIGN_IDENTITY = "";
				CURRENT_PROJECT_VERSION = 1;
				DEFINES_MODULE = YES;
				DYLIB_COMPATIBILITY_VERSION = 1;
				DYLIB_CURRENT_VERSION = 1;
				DYLIB_INSTALL_NAME_BASE = "@rpath";
				INFOPLIST_FILE = "Supporting/PopRocketIntents-Info.plist";
				INSTALL_PATH = "$(LOCAL_LIBRARY_DIR)/Frameworks";
				LD_RUNPATH_SEARCH_PATHS = (
					"$(inherited)",
					"@executable_path/Frameworks",
				);
				PRODUCT_BUNDLE_IDENTIFIER = com.poprocket.app.intents;
				SDKROOT = iphoneos;
				SKIP_INSTALL = YES;
				TARGETED_DEVICE_FAMILY = "1,2";
				VERSIONING_SYSTEM = "apple-generic";
			};
			name = Release;
		};
		D0F46CD0AA32F1749D06EF80 /* Release */ = {
			isa = XCBuildConfiguration;
			buildSettings = {
				ALWAYS_SEARCH_USER_PATHS = NO;
				CLANG_ANALYZER_NONNULL = YES;
				CLANG_ANALYZER_NUMBER_OBJECT_CONVERSION = YES_AGGRESSIVE;
				CLANG_CXX_LANGUAGE_STANDARD = "gnu++14";
				CLANG_CXX_LIBRARY = "libc++";
				CLANG_ENABLE_MODULES = YES;
				CLANG_ENABLE_OBJC_ARC = YES;
				CLANG_ENABLE_OBJC_WEAK = YES;
				CLANG_WARN_BLOCK_CAPTURE_AUTORELEASING = YES;
				CLANG_WARN_BOOL_CONVERSION = YES;
				CLANG_WARN_COMMA = YES;
				CLANG_WARN_CONSTANT_CONVERSION = YES;
				CLANG_WARN_DEPRECATED_OBJC_IMPLEMENTATIONS = YES;
				CLANG_WARN_DIRECT_OBJC_ISA_USAGE = YES_ERROR;
				CLANG_WARN_DOCUMENTATION_COMMENTS = YES;
				CLANG_WARN_EMPTY_BODY = YES;
				CLANG_WARN_ENUM_CONVERSION = YES;
				CLANG_WARN_INFINITE_RECURSION = YES;
				CLANG_WARN_INT_CONVERSION = YES;
				CLANG_WARN_NON_LITERAL_NULL_CONVERSION = YES;
				CLANG_WARN_OBJC_IMPLICIT_RETAIN_SELF = YES;
				CLANG_WARN_OBJC_LITERAL_CONVERSION = YES;
				CLANG_WARN_OBJC_ROOT_CLASS = YES_ERROR;
				CLANG_WARN_QUOTED_INCLUDE_IN_FRAMEWORK_HEADER = YES;
				CLANG_WARN_RANGE_LOOP_ANALYSIS = YES;
				CLANG_WARN_STRICT_PROTOTYPES = YES;
				CLANG_WARN_SUSPICIOUS_MOVE = YES;
				CLANG_WARN_UNGUARDED_AVAILABILITY = YES_AGGRESSIVE;
				CLANG_WARN_UNREACHABLE_CODE = YES;
				CLANG_WARN__DUPLICATE_METHOD_MATCH = YES;
				CODE_SIGN_STYLE = Automatic;
				COPY_PHASE_STRIP = NO;
				CURRENT_PROJECT_VERSION = 1;
				DEBUG_INFORMATION_FORMAT = "dwarf-with-dsym";
				ENABLE_NS_ASSERTIONS = NO;
				ENABLE_STRICT_OBJC_MSGSEND = YES;
				GCC_C_LANGUAGE_STANDARD = gnu11;
				GCC_NO_COMMON_BLOCKS = YES;
				GCC_WARN_64_TO_32_BIT_CONVERSION = YES;
				GCC_WARN_ABOUT_RETURN_TYPE = YES_ERROR;
				GCC_WARN_UNDECLARED_SELECTOR = YES;
				GCC_WARN_UNINITIALIZED_AUTOS = YES_AGGRESSIVE;
				GCC_WARN_UNUSED_FUNCTION = YES;
				GCC_WARN_UNUSED_VARIABLE = YES;
				IPHONEOS_DEPLOYMENT_TARGET = 17.0;
				MARKETING_VERSION = 0.1.0;
				MTL_ENABLE_DEBUG_INFO = NO;
				MTL_FAST_MATH = YES;
				PRODUCT_NAME = "$(TARGET_NAME)";
				SDKROOT = iphoneos;
				SWIFT_COMPILATION_MODE = wholemodule;
				SWIFT_OPTIMIZATION_LEVEL = "-O";
				SWIFT_VERSION = 5.0;
			};
			name = Release;
		};
		D1ED4FDC67ECE2A0B9062BFE /* Release */ = {
			isa = XCBuildConfiguration;
			buildSettings = {
				APPLICATION_EXTENSION_API_ONLY = YES;
				CODE_SIGN_ENTITLEMENTS = Supporting/PopRocketWidgetExtension.entitlements;
				INFOPLIST_FILE = "Supporting/PopRocketWidgetExtension-Info.plist";
				LD_RUNPATH_SEARCH_PATHS = (
					"$(inherited)",
					"@executable_path/Frameworks",
					"@executable_path/../../Frameworks",
				);
				PRODUCT_BUNDLE_IDENTIFIER = com.poprocket.app.widget;
				SDKROOT = iphoneos;
				SKIP_INSTALL = YES;
				TARGETED_DEVICE_FAMILY = "1,2";
			};
			name = Release;
		};
		D2C6EA8CA21C46D7B85CF980 /* Debug */ = {
			isa = XCBuildConfiguration;
			buildSettings = {
				APPLICATION_EXTENSION_API_ONLY = YES;
				CODE_SIGN_ENTITLEMENTS = Supporting/PopRocketWidgetExtension.entitlements;
				INFOPLIST_FILE = "Supporting/PopRocketWidgetExtension-Info.plist";
				LD_RUNPATH_SEARCH_PATHS = (
					"$(inherited)",
					"@executable_path/Frameworks",
					"@executable_path/../../Frameworks",
				);
				PRODUCT_BUNDLE_IDENTIFIER = com.poprocket.app.widget;
				SDKROOT = iphoneos;
				SKIP_INSTALL = YES;
				TARGETED_DEVICE_FAMILY = "1,2";
			};
			name = Debug;
		};
		E9ACC2777148CBF4508E731E /* Debug */ = {
			isa = XCBuildConfiguration;
			buildSettings = {
				ASSETCATALOG_COMPILER_APPICON_NAME = AppIcon;
				CODE_SIGN_ENTITLEMENTS = Supporting/PopRocket.entitlements;
				CODE_SIGN_IDENTITY = "iPhone Developer";
				DEVELOPMENT_TEAM = LKT3G257FR;
				INFOPLIST_FILE = "Supporting/PopRocket-Info.plist";
				LD_RUNPATH_SEARCH_PATHS = (
					"$(inherited)",
					"@executable_path/Frameworks",
				);
				PRODUCT_BUNDLE_IDENTIFIER = com.poprocket.app;
				SDKROOT = iphoneos;
				TARGETED_DEVICE_FAMILY = "1,2";
			};
			name = Debug;
		};
		EC1966B17CB46701F058F9E4 /* Release */ = {
			isa = XCBuildConfiguration;
			buildSettings = {
				BUNDLE_LOADER = "$(TEST_HOST)";
				INFOPLIST_FILE = "Supporting/PopRocketKitTests-Info.plist";
				LD_RUNPATH_SEARCH_PATHS = (
					"$(inherited)",
					"@executable_path/Frameworks",
					"@loader_path/Frameworks",
				);
				PRODUCT_BUNDLE_IDENTIFIER = com.poprocket.app.tests;
				SDKROOT = iphoneos;
				TARGETED_DEVICE_FAMILY = "1,2";
			};
			name = Release;
		};
		ED3441B10DCB065B4F5DF4FB /* Debug */ = {
			isa = XCBuildConfiguration;
			buildSettings = {
				APPLICATION_EXTENSION_API_ONLY = YES;
				CODE_SIGN_IDENTITY = "";
				CURRENT_PROJECT_VERSION = 1;
				DEFINES_MODULE = YES;
				DYLIB_COMPATIBILITY_VERSION = 1;
				DYLIB_CURRENT_VERSION = 1;
				DYLIB_INSTALL_NAME_BASE = "@rpath";
				INFOPLIST_FILE = "Supporting/PopRocketKit-Info.plist";
				INSTALL_PATH = "$(LOCAL_LIBRARY_DIR)/Frameworks";
				LD_RUNPATH_SEARCH_PATHS = (
					"$(inherited)",
					"@executable_path/Frameworks",
				);
				PRODUCT_BUNDLE_IDENTIFIER = com.poprocket.app.kit;
				SDKROOT = iphoneos;
				SKIP_INSTALL = YES;
				TARGETED_DEVICE_FAMILY = "1,2";
				VERSIONING_SYSTEM = "apple-generic";
			};
			name = Debug;
		};
/* End XCBuildConfiguration section */

/* Begin XCConfigurationList section */
		1364ABEF7EDC5EFA31497EED /* Build configuration list for PBXNativeTarget "PopRocketWidgetExtension" */ = {
			isa = XCConfigurationList;
			buildConfigurations = (
				D2C6EA8CA21C46D7B85CF980 /* Debug */,
				D1ED4FDC67ECE2A0B9062BFE /* Release */,
			);
			defaultConfigurationIsVisible = 0;
			defaultConfigurationName = Debug;
		};
		37637B58D6EE973D29F05951 /* Build configuration list for PBXNativeTarget "PopRocketIntents" */ = {
			isa = XCConfigurationList;
			buildConfigurations = (
				30BC9408ABB15571DF26BA99 /* Debug */,
				967A7B3F817E4811C163AD95 /* Release */,
			);
			defaultConfigurationIsVisible = 0;
			defaultConfigurationName = Debug;
		};
		9AFE520654BF6C48F3307C65 /* Build configuration list for PBXNativeTarget "PopRocket" */ = {
			isa = XCConfigurationList;
			buildConfigurations = (
				E9ACC2777148CBF4508E731E /* Debug */,
				68C711A8AD3E8FFA218494CB /* Release */,
			);
			defaultConfigurationIsVisible = 0;
			defaultConfigurationName = Debug;
		};
		9DD0D58DFAAFB06C3893C2A3 /* Build configuration list for PBXNativeTarget "PopRocketKit" */ = {
			isa = XCConfigurationList;
			buildConfigurations = (
				ED3441B10DCB065B4F5DF4FB /* Debug */,
				7DF1A965B52BF4B5B919CEF3 /* Release */,
			);
			defaultConfigurationIsVisible = 0;
			defaultConfigurationName = Debug;
		};
		B38CDC301751DA81F94A2B56 /* Build configuration list for PBXProject "PopRocket" */ = {
			isa = XCConfigurationList;
			buildConfigurations = (
				554B3C21BBF7CEA970083AF3 /* Debug */,
				D0F46CD0AA32F1749D06EF80 /* Release */,
			);
			defaultConfigurationIsVisible = 0;
			defaultConfigurationName = Debug;
		};
		C042CA46FE45400F792C9775 /* Build configuration list for PBXNativeTarget "PopRocketKitTests" */ = {
			isa = XCConfigurationList;
			buildConfigurations = (
				0C88EE99DD2B130E65715730 /* Debug */,
				EC1966B17CB46701F058F9E4 /* Release */,
			);
			defaultConfigurationIsVisible = 0;
			defaultConfigurationName = Debug;
		};
		CA21110AE545E630F9F2C0A3 /* Build configuration list for PBXNativeTarget "PopRocketNotificationService" */ = {
			isa = XCConfigurationList;
			buildConfigurations = (
				28EE26E8EEB6FF3ADED80FBF /* Debug */,
				15B4F4BF1593E6D2EEB00A8A /* Release */,
			);
			defaultConfigurationIsVisible = 0;
			defaultConfigurationName = Debug;
		};
/* End XCConfigurationList section */
	};
	rootObject = E12640B4221261CD06A74F3E /* Project object */;
}
